
Microsoft Visual Studio Solution File, Format Version 12.00
# Visual Studio Version 17
VisualStudioVersion = 17.0.31903.59
MinimumVisualStudioVersion = 10.0.40219.1
Project("{FAE04EC0-301F-11D3-BF4B-00C04F79EFBC}") = "MyProject", "MyProject\MyProject.csproj", "{D6F094B6-65D0-4DD8-BE8D-19B998825818}"
EndProject
Global
	GlobalSection(SolutionConfigurationPlatforms) = preSolution
		Debug|Any CPU = Debug|Any CPU
		Release|Any CPU = Release|Any CPU
	EndGlobalSection
	GlobalSection(SolutionProperties) = preSolution
		HideSolutionNode = FALSE
	EndGlobalSection
	GlobalSection(ProjectConfigurationPlatforms) = postSolution
		{D6F094B6-65D0-4DD8-BE8D-19B998825818}.Debug|Any CPU.ActiveCfg = Debug|Any CPU
		{D6F094B6-65D0-4DD8-BE8D-19B998825818}.Debug|Any CPU.Build.0 = Debug|Any CPU
		{D6F094B6-65D0-4DD8-BE8D-19B998825818}.Release|Any CPU.ActiveCfg = Release|Any CPU
		{D6F094B6-65D0-4DD8-BE8D-19B998825818}.Release|Any CPU.Build.0 = Release|Any CPU
	EndGlobalSection
EndGlobal
